
Microsoft Visual Studio Solution File, Format Version 12.00
# Visual Studio 2013
VisualStudioVersion = 12.0.21005.1
MinimumVisualStudioVersion = 10.0.40219.1
Project("{FAE04EC0-301F-11D3-BF4B-00C04F79EFBC}") = "BrandAnalytics", "BrandAnalytics.csproj", "{790FAB1C-932E-478C-B39A-8D88F4B69084}"
EndProject
Project("{FAE04EC0-301F-11D3-BF4B-00C04F79EFBC}") = "TwitterSpy", "..\TwitterSpy\TwitterSpy.csproj", "{F38BAB0A-8E3C-4761-B17E-AB830C0E7D49}"
EndProject
Project("{FAE04EC0-301F-11D3-BF4B-00C04F79EFBC}") = "ClientApplication", "..\..\wpf\ClientApplication\ClientApplication.csproj", "{FCABD987-BF45-4036-B0D0-36859BA56664}"
EndProject
Global
	GlobalSection(SolutionConfigurationPlatforms) = preSolution
		Debug|Any CPU = Debug|Any CPU
		Release|Any CPU = Release|Any CPU
	EndGlobalSection
	GlobalSection(ProjectConfigurationPlatforms) = postSolution
		{790FAB1C-932E-478C-B39A-8D88F4B69084}.Debug|Any CPU.ActiveCfg = Debug|Any CPU
		{790FAB1C-932E-478C-B39A-8D88F4B69084}.Debug|Any CPU.Build.0 = Debug|Any CPU
		{790FAB1C-932E-478C-B39A-8D88F4B69084}.Release|Any CPU.ActiveCfg = Release|Any CPU
		{790FAB1C-932E-478C-B39A-8D88F4B69084}.Release|Any CPU.Build.0 = Release|Any CPU
		{F38BAB0A-8E3C-4761-B17E-AB830C0E7D49}.Debug|Any CPU.ActiveCfg = Debug|Any CPU
		{F38BAB0A-8E3C-4761-B17E-AB830C0E7D49}.Debug|Any CPU.Build.0 = Debug|Any CPU
		{F38BAB0A-8E3C-4761-B17E-AB830C0E7D49}.Release|Any CPU.ActiveCfg = Release|Any CPU
		{F38BAB0A-8E3C-4761-B17E-AB830C0E7D49}.Release|Any CPU.Build.0 = Release|Any CPU
		{FCABD987-BF45-4036-B0D0-36859BA56664}.Debug|Any CPU.ActiveCfg = Debug|Any CPU
		{FCABD987-BF45-4036-B0D0-36859BA56664}.Debug|Any CPU.Build.0 = Debug|Any CPU
		{FCABD987-BF45-4036-B0D0-36859BA56664}.Release|Any CPU.ActiveCfg = Release|Any CPU
		{FCABD987-BF45-4036-B0D0-36859BA56664}.Release|Any CPU.Build.0 = Release|Any CPU
	EndGlobalSection
	GlobalSection(SolutionProperties) = preSolution
		HideSolutionNode = FALSE
	EndGlobalSection
EndGlobal
